
Microsoft Visual Studio Solution File, Format Version 12.00
# Visual Studio Version 17
VisualStudioVersion = 17.11.35327.3
MinimumVisualStudioVersion = 10.0.40219.1
Project("{FAE04EC0-301F-11D3-BF4B-00C04F79EFBC}") = "Week5LogicalOperators", "Week5LogicalOperators\Week5LogicalOperators.csproj", "{CCB5294F-4618-4638-A65A-7D5F05D37CB1}"
EndProject
Project("{FAE04EC0-301F-11D3-BF4B-00C04F79EFBC}") = "ANDOperator", "ANDOperator\ANDOperator.csproj", "{96163763-1EC1-4530-9F71-2DDFE152E9C3}"
EndProject
Project("{FAE04EC0-301F-11D3-BF4B-00C04F79EFBC}") = "OROperator", "OROperator\OROperator.csproj", "{CBEB7061-F18A-435A-971B-C7A62E7A95D0}"
EndProject
Project("{FAE04EC0-301F-11D3-BF4B-00C04F79EFBC}") = "ANDRanges", "ANDRanges\ANDRanges.csproj", "{799813BB-77D2-4664-84FB-D2947CDC8760}"
EndProject
Global
	GlobalSection(SolutionConfigurationPlatforms) = preSolution
		Debug|Any CPU = Debug|Any CPU
		Release|Any CPU = Release|Any CPU
	EndGlobalSection
	GlobalSection(ProjectConfigurationPlatforms) = postSolution
		{CCB5294F-4618-4638-A65A-7D5F05D37CB1}.Debug|Any CPU.ActiveCfg = Debug|Any CPU
		{CCB5294F-4618-4638-A65A-7D5F05D37CB1}.Debug|Any CPU.Build.0 = Debug|Any CPU
		{CCB5294F-4618-4638-A65A-7D5F05D37CB1}.Release|Any CPU.ActiveCfg = Release|Any CPU
		{CCB5294F-4618-4638-A65A-7D5F05D37CB1}.Release|Any CPU.Build.0 = Release|Any CPU
		{96163763-1EC1-4530-9F71-2DDFE152E9C3}.Debug|Any CPU.ActiveCfg = Debug|Any CPU
		{96163763-1EC1-4530-9F71-2DDFE152E9C3}.Debug|Any CPU.Build.0 = Debug|Any CPU
		{96163763-1EC1-4530-9F71-2DDFE152E9C3}.Release|Any CPU.ActiveCfg = Release|Any CPU
		{96163763-1EC1-4530-9F71-2DDFE152E9C3}.Release|Any CPU.Build.0 = Release|Any CPU
		{CBEB7061-F18A-435A-971B-C7A62E7A95D0}.Debug|Any CPU.ActiveCfg = Debug|Any CPU
		{CBEB7061-F18A-435A-971B-C7A62E7A95D0}.Debug|Any CPU.Build.0 = Debug|Any CPU
		{CBEB7061-F18A-435A-971B-C7A62E7A95D0}.Release|Any CPU.ActiveCfg = Release|Any CPU
		{CBEB7061-F18A-435A-971B-C7A62E7A95D0}.Release|Any CPU.Build.0 = Release|Any CPU
		{799813BB-77D2-4664-84FB-D2947CDC8760}.Debug|Any CPU.ActiveCfg = Debug|Any CPU
		{799813BB-77D2-4664-84FB-D2947CDC8760}.Debug|Any CPU.Build.0 = Debug|Any CPU
		{799813BB-77D2-4664-84FB-D2947CDC8760}.Release|Any CPU.ActiveCfg = Release|Any CPU
		{799813BB-77D2-4664-84FB-D2947CDC8760}.Release|Any CPU.Build.0 = Release|Any CPU
	EndGlobalSection
	GlobalSection(SolutionProperties) = preSolution
		HideSolutionNode = FALSE
	EndGlobalSection
	GlobalSection(ExtensibilityGlobals) = postSolution
		SolutionGuid = {4A6BCEFF-FD36-48CA-9E98-C74990C72BB0}
	EndGlobalSection
EndGlobal
